{
	"name": "webgl.scene",
	"requires": true,
	"lockfileVersion": 1,
	"dependencies": {
		"@tweenjs/tween.js": {
			"version": "18.5.0",
			"resolved": "https://registry.npmjs.org/@tweenjs/tween.js/-/tween.js-18.5.0.tgz",
			"integrity": "sha512-/qyhdvbc6vWsFuiK7Wq74ZMu1F/9sFRlBv2qnjeu70XI0HRC8zOfUqbXT2irVLCSVuCI/fI7HphGdbsbyQ/Q5w=="
		},
		"@types/jquery": {
			"version": "3.3.38",
			"resolved": "https://registry.npmjs.org/@types/jquery/-/jquery-3.3.38.tgz",
			"integrity": "sha512-nkDvmx7x/6kDM5guu/YpXkGZ/Xj/IwGiLDdKM99YA5Vag7pjGyTJ8BNUh/6hxEn/sEu5DKtyRgnONJ7EmOoKrA==",
			"dev": true,
			"requires": {
				"@types/sizzle": "*"
			}
		},
		"@types/jqueryui": {
			"version": "1.12.10",
			"resolved": "https://registry.npmjs.org/@types/jqueryui/-/jqueryui-1.12.10.tgz",
			"integrity": "sha512-T8sctslWIiLl/2EHEQQfKCB92S9bMKBaeE3+iBRbSERMK/1gzyfqjaIEksduB4eUEsKq+Ji0Y+qVbiXQwI2Mwg==",
			"dev": true,
			"requires": {
				"@types/jquery": "*"
			}
		},
		"@types/lodash": {
			"version": "4.14.165",
			"resolved": "https://registry.npmjs.org/@types/lodash/-/lodash-4.14.165.tgz",
			"integrity": "sha512-tjSSOTHhI5mCHTy/OOXYIhi2Wt1qcbHmuXD1Ha7q70CgI/I71afO4XtLb/cVexki1oVYchpul/TOuu3Arcdxrg==",
			"dev": true
		},
		"@types/node": {
			"version": "13.13.0",
			"resolved": "https://registry.npmjs.org/@types/node/-/node-13.13.0.tgz",
			"integrity": "sha512-WE4IOAC6r/yBZss1oQGM5zs2D7RuKR6Q+w+X2SouPofnWn+LbCqClRyhO3ZE7Ix8nmFgo/oVuuE01cJT2XB13A==",
			"dev": true
		},
		"@types/sizzle": {
			"version": "2.3.2",
			"resolved": "https://registry.npmjs.org/@types/sizzle/-/sizzle-2.3.2.tgz",
			"integrity": "sha512-7EJYyKTL7tFR8+gDbB6Wwz/arpGa0Mywk1TJbNzKzHtzbwVmY4HR9WqS5VV7dsBUKQmPNr192jHr/VpBluj/hg==",
			"dev": true
		},
		"argparse": {
			"version": "1.0.10",
			"resolved": "https://registry.npmjs.org/argparse/-/argparse-1.0.10.tgz",
			"integrity": "sha512-o5Roy6tNG4SL/FOkCAN6RzjiakZS25RLYFrcMttJqbdd8BWrnA+fGz57iN5Pb06pvBGvl5gQ0B48dJlslXvoTg==",
			"requires": {
				"sprintf-js": "~1.0.2"
			}
		},
		"ejson": {
			"version": "2.2.0",
			"resolved": "https://registry.npmjs.org/ejson/-/ejson-2.2.0.tgz",
			"integrity": "sha512-kWa0AKAxDhmr4t6c4pgQqk6yL52/M67xOMh60HRnAeydzo5QIxOitN5bE1+e0rbdnxfly7FTB9e2Ny0ypLMbag=="
		},
		"gltf-to-glb": {
			"version": "0.1.0",
			"resolved": "https://registry.npmjs.org/gltf-to-glb/-/gltf-to-glb-0.1.0.tgz",
			"integrity": "sha512-3aHde2oHsrsOaQfcx7G3SUpN+sYU8KnsP+dCLHbcdmBUWDxGfhhygpKjiegi57OChPJQKp0Z3pcDsypGj73eiA==",
			"requires": {
				"argparse": "^1.0.10",
				"gltf-validator": "^2.0.0-dev.2.4",
				"pako": "^1.0.6"
			}
		},
		"gltf-validator": {
			"version": "2.0.0-dev.3.2",
			"resolved": "https://registry.npmjs.org/gltf-validator/-/gltf-validator-2.0.0-dev.3.2.tgz",
			"integrity": "sha512-gdG28HR+nDF00b8XkUl/Vxua4Cndc7v1nK4RO3G7JBAm7TiEnCQWETMYRgJR+0BfBt3dWWKsnJXGC+WjaILVmQ=="
		},
		"jquery": {
			"version": "3.5.1",
			"resolved": "https://registry.npmjs.org/jquery/-/jquery-3.5.1.tgz",
			"integrity": "sha512-XwIBPqcMn57FxfT+Go5pzySnm4KWkT1Tv7gjrpT1srtf8Weynl6R273VJ5GjkRb51IzMp5nbaPjJXMWeju2MKg=="
		},
		"jquery-ui-dist": {
			"version": "1.12.1",
			"resolved": "https://registry.npmjs.org/jquery-ui-dist/-/jquery-ui-dist-1.12.1.tgz",
			"integrity": "sha1-XAgV08xvkP9fqvWyaKbiO0ypBPo="
		},
		"lodash": {
			"version": "4.17.20",
			"resolved": "https://registry.npmjs.org/lodash/-/lodash-4.17.20.tgz",
			"integrity": "sha512-PlhdFcillOINfeV7Ni6oF1TAEayyZBoZ8bcshTHqOYJYlrqzRK5hagpagky5o4HfCzzd1TRkXPMFq6cKk9rGmA=="
		},
		"pako": {
			"version": "1.0.11",
			"resolved": "https://registry.npmjs.org/pako/-/pako-1.0.11.tgz",
			"integrity": "sha512-4hLB8Py4zZce5s4yd9XzopqwVv/yGNhV1Bl8NTmCq1763HeK2+EwVTv+leGeL13Dnh2wfbqowVPXCIO0z4taYw=="
		},
		"sprintf-js": {
			"version": "1.0.3",
			"resolved": "https://registry.npmjs.org/sprintf-js/-/sprintf-js-1.0.3.tgz",
			"integrity": "sha1-BOaSb2YolTVPPdAVIDYzuFcpfiw="
		},
		"three": {
			"version": "0.106.2",
			"resolved": "https://registry.npmjs.org/three/-/three-0.106.2.tgz",
			"integrity": "sha512-4Tlx43uoxnIaZFW2Bzkd1rXsatvVHEWAZJy8LuE+s6Q8c66ogNnhfq1bHiBKPAnXP230LD11H/ScIZc2LZMviA=="
		},
		"typescript": {
			"version": "4.0.5",
			"resolved": "https://registry.npmjs.org/typescript/-/typescript-4.0.5.tgz",
			"integrity": "sha512-ywmr/VrTVCmNTJ6iV2LwIrfG1P+lv6luD8sUJs+2eI9NLGigaN+nUQc13iHqisq7bra9lnmUSYqbJvegraBOPQ==",
			"dev": true
		}
	}
}
